
Microsoft Visual Studio Solution File, Format Version 12.00
# Visual Studio Version 17
VisualStudioVersion = 17.5.002.0
MinimumVisualStudioVersion = 10.0.40219.1
Project("{2150E333-8FDC-42A3-9474-1A3956D46DE8}") = "lecture_1", "lecture_1", "{82AD85EF-E715-40D8-A673-761A4EB50B6F}"
EndProject
Project("{9A19103F-16F7-4668-BE54-9A1E7A4F7556}") = "example001_HelloConsole", "lecture_1\example001_HelloConsole\example001_HelloConsole.csproj", "{3F5F60CB-2465-491B-A04B-4E752024AE8F}"
EndProject
Project("{9A19103F-16F7-4668-BE54-9A1E7A4F7556}") = "example002_HelloUser", "lecture_1\example002_HelloUser\example002_HelloUser.csproj", "{7068811F-5752-4DF0-B7FF-842281EFD99B}"
EndProject
Project("{9A19103F-16F7-4668-BE54-9A1E7A4F7556}") = "example003_sum_of_2_numbers", "lecture_1\example003_sum_of_2_numbers\example003_sum_of_2_numbers.csproj", "{D72E18E7-0C73-4C69-B3CB-5CBD658A1D0A}"
EndProject
Project("{9A19103F-16F7-4668-BE54-9A1E7A4F7556}") = "example004_Div", "lecture_1\example004_Div\example004_Div.csproj", "{C13002D2-0053-4CD0-AFD1-A730391FA282}"
EndProject
Project("{9A19103F-16F7-4668-BE54-9A1E7A4F7556}") = "example005_ConditionIfElse", "lecture_1\example005_ConditionIfElse\example005_ConditionIfElse.csproj", "{11B82FBE-5D3B-4CFA-B1CE-A8A38903B50B}"
EndProject
Project("{9A19103F-16F7-4668-BE54-9A1E7A4F7556}") = "example006_base", "lecture_1\example006_base\example006_base.csproj", "{C947A7FF-3F0A-451B-97CB-F3B045764608}"
EndProject
Project("{9A19103F-16F7-4668-BE54-9A1E7A4F7556}") = "example007_magic", "lecture_1\example007_magic\example007_magic.csproj", "{7551B7E9-47D3-4FF2-ADE2-51863BC10708}"
EndProject
Project("{2150E333-8FDC-42A3-9474-1A3956D46DE8}") = "seminar_1", "seminar_1", "{49208402-0E83-4EFF-BA90-20DFE680002D}"
EndProject
Project("{9A19103F-16F7-4668-BE54-9A1E7A4F7556}") = "task0", "seminar_1\task0\task0.csproj", "{8E8AB2C2-82FC-4527-A71F-2F0E5BFF5EE4}"
EndProject
Project("{2150E333-8FDC-42A3-9474-1A3956D46DE8}") = "hw_1", "hw_1", "{54FB5C47-27CD-4A40-8443-34BF903106AB}"
EndProject
Project("{FAE04EC0-301F-11D3-BF4B-00C04F79EFBC}") = "task2", "hw_1\task2\task2.csproj", "{B1A79221-C1F4-4BFB-AB61-17EA1C237C07}"
EndProject
Project("{FAE04EC0-301F-11D3-BF4B-00C04F79EFBC}") = "task4", "hw_1\task4\task4.csproj", "{B707674E-2C10-43DD-A07E-72D021E43749}"
EndProject
Project("{FAE04EC0-301F-11D3-BF4B-00C04F79EFBC}") = "task6", "hw_1\task6\task6.csproj", "{380430FB-7B68-468B-B474-136F0823356A}"
EndProject
Project("{FAE04EC0-301F-11D3-BF4B-00C04F79EFBC}") = "task8", "hw_1\task8\task8.csproj", "{7687CE68-F0E6-4C25-B95C-8CBE1A9182AC}"
EndProject
Project("{2150E333-8FDC-42A3-9474-1A3956D46DE8}") = "lecture_2", "lecture_2", "{8D5A4372-3782-4B3C-878E-A2F1D9331520}"
EndProject
Project("{FAE04EC0-301F-11D3-BF4B-00C04F79EFBC}") = "example008_introMethod", "lecture_2\example008_introMethod\example008_introMethod.csproj", "{EDE2C540-3E7B-47C8-AFFC-191F865ACDFA}"
EndProject
Project("{FAE04EC0-301F-11D3-BF4B-00C04F79EFBC}") = "example009_introarray", "lecture_2\example009_introarray\example009_introarray.csproj", "{8A1A042C-9B80-4816-9491-516E4227DC45}"
EndProject
Project("{FAE04EC0-301F-11D3-BF4B-00C04F79EFBC}") = "example010_MethodArray", "lecture_2\example010_MethodArray\example010_MethodArray.csproj", "{EE24C947-301D-4B55-A621-651751316EDE}"
EndProject
Project("{FAE04EC0-301F-11D3-BF4B-00C04F79EFBC}") = "example011_ArrayLibrary", "lecture_2\example011_ArrayLibrary\example011_ArrayLibrary.csproj", "{F52D9BAF-2001-44B7-8A60-EB6F3DAB4621}"
EndProject
Project("{2150E333-8FDC-42A3-9474-1A3956D46DE8}") = "seminar_2", "seminar_2", "{D3C6BB79-8D40-4418-9CC8-F27D2C7807C4}"
EndProject
Project("{FAE04EC0-301F-11D3-BF4B-00C04F79EFBC}") = "SemExample000", "seminar_2\SemExample000\SemExample000.csproj", "{3DED65FE-F85D-4A60-877B-024EE385F472}"
EndProject
Project("{FAE04EC0-301F-11D3-BF4B-00C04F79EFBC}") = "SemExample001", "seminar_2\SemExample001\SemExample001.csproj", "{2833C3D2-1A00-4C5A-9274-551E301F0D01}"
EndProject
Project("{FAE04EC0-301F-11D3-BF4B-00C04F79EFBC}") = "SemExample002", "seminar_2\SemExample002\SemExample002.csproj", "{9AEEA042-97A5-469C-AE73-BB8A523D560F}"
EndProject
Project("{FAE04EC0-301F-11D3-BF4B-00C04F79EFBC}") = "SemExample003", "seminar_2\SemExample003\SemExample003.csproj", "{619C2586-ED21-47EA-8768-92DDDD69BC91}"
EndProject
Project("{FAE04EC0-301F-11D3-BF4B-00C04F79EFBC}") = "SemExample004", "seminar_2\SemExample004\SemExample004.csproj", "{26E9503D-B2FF-434D-8206-9AE4864DA3C9}"
EndProject
Project("{2150E333-8FDC-42A3-9474-1A3956D46DE8}") = "hw_2", "hw_2", "{96759EF0-79B6-42F0-8606-EC1CFD827BFA}"
EndProject
Project("{FAE04EC0-301F-11D3-BF4B-00C04F79EFBC}") = "task10", "hw_2\task10\task10.csproj", "{F987D1C3-BB99-4731-986F-0AA94E159C3C}"
EndProject
Project("{FAE04EC0-301F-11D3-BF4B-00C04F79EFBC}") = "task13", "hw_2\task13\task13.csproj", "{35FE0BBB-632B-4C2C-8479-B8D1FC3A4E8B}"
EndProject
Project("{FAE04EC0-301F-11D3-BF4B-00C04F79EFBC}") = "task15", "hw_2\task15\task15.csproj", "{FB36F8B8-25FB-4930-9E80-2CC15F4E09CF}"
EndProject
Project("{2150E333-8FDC-42A3-9474-1A3956D46DE8}") = "seminar_3", "seminar_3", "{E19D5669-1162-4A83-A39D-8F7CBB4B419A}"
EndProject
Project("{FAE04EC0-301F-11D3-BF4B-00C04F79EFBC}") = "SemExample005", "seminar_3\SemExample005\SemExample005.csproj", "{F38C582D-EDDA-4522-8B46-53AE711C6B9A}"
EndProject
Project("{FAE04EC0-301F-11D3-BF4B-00C04F79EFBC}") = "SemExample006", "seminar_3\SemExample006\SemExample006.csproj", "{21C55DF6-85E4-46C2-B6C9-A45A609EF857}"
EndProject
Project("{FAE04EC0-301F-11D3-BF4B-00C04F79EFBC}") = "SemExample007", "seminar_3\SemExample007\SemExample007.csproj", "{9F89D982-90E2-4B01-96AE-BCFF59528D00}"
EndProject
Project("{FAE04EC0-301F-11D3-BF4B-00C04F79EFBC}") = "SemExample008", "seminar_3\SemExample008\SemExample008.csproj", "{B1C4E43F-E19B-482A-B24C-83A17A9AB0A4}"
EndProject
Project("{2150E333-8FDC-42A3-9474-1A3956D46DE8}") = "lecture_3", "lecture_3", "{00F3DF8F-1DE8-436F-ACF6-D9538136471E}"
EndProject
Project("{FAE04EC0-301F-11D3-BF4B-00C04F79EFBC}") = "example012", "lecture_3\example012\example012.csproj", "{A7F54D8C-F1DC-4DF6-BC52-3A746BAB45F4}"
EndProject
Project("{FAE04EC0-301F-11D3-BF4B-00C04F79EFBC}") = "example013", "lecture_3\example013\example013.csproj", "{7317AAEA-1884-47CE-B7FD-99182957957F}"
EndProject
Project("{FAE04EC0-301F-11D3-BF4B-00C04F79EFBC}") = "example014", "lecture_3\example014\example014.csproj", "{9EA4BD87-3953-4CA2-A5E7-00BFEEB9D5BA}"
EndProject
Project("{2150E333-8FDC-42A3-9474-1A3956D46DE8}") = "hw_3", "hw_3", "{3113BB74-530F-4665-8631-94359F8703EC}"
EndProject
Project("{FAE04EC0-301F-11D3-BF4B-00C04F79EFBC}") = "task19", "hw_3\task19\task19.csproj", "{F4ED572C-5E31-419C-AE2D-F95034C879A3}"
EndProject
Project("{FAE04EC0-301F-11D3-BF4B-00C04F79EFBC}") = "task21", "hw_3\task21\task21.csproj", "{7BEB8D8D-59E3-4D89-9709-7DDEC9953EB3}"
EndProject
Project("{FAE04EC0-301F-11D3-BF4B-00C04F79EFBC}") = "task23", "hw_3\task23\task23.csproj", "{106685A2-99DD-43CA-A7CF-77C6022B80AE}"
EndProject
Project("{2150E333-8FDC-42A3-9474-1A3956D46DE8}") = "seminar_4", "seminar_4", "{334CC02A-E020-44E6-B9BB-3B0F75C3EB81}"
EndProject
Project("{FAE04EC0-301F-11D3-BF4B-00C04F79EFBC}") = "SemExample009", "seminar_4\SemExample009\SemExample009.csproj", "{112DE943-025F-4A76-B53C-3E4CA2E75D49}"
EndProject
Project("{FAE04EC0-301F-11D3-BF4B-00C04F79EFBC}") = "SemExample010", "seminar_4\SemExample010\SemExample010.csproj", "{5AFA2D0B-8E85-475C-9C9E-352F4533AB83}"
EndProject
Project("{FAE04EC0-301F-11D3-BF4B-00C04F79EFBC}") = "SemExample011", "seminar_4\SemExample011\SemExample011.csproj", "{A59EB804-E8AF-4077-B53F-AE70D362C7A4}"
EndProject
Project("{FAE04EC0-301F-11D3-BF4B-00C04F79EFBC}") = "SemExample012", "seminar_4\SemExample012\SemExample012.csproj", "{FD308876-BE8C-4637-835B-9E32D0AF1E41}"
EndProject
Project("{2150E333-8FDC-42A3-9474-1A3956D46DE8}") = "hw_4", "hw_4", "{32389CED-3310-4B53-9AC8-6DB82D60E108}"
EndProject
Project("{FAE04EC0-301F-11D3-BF4B-00C04F79EFBC}") = "task25", "hw_4\task25\task25.csproj", "{725FC1ED-110B-4F0C-812E-264F3679D549}"
EndProject
Project("{FAE04EC0-301F-11D3-BF4B-00C04F79EFBC}") = "task27", "hw_4\task27\task27.csproj", "{DF696294-7DD6-42D5-91D6-D0063F5AF4C0}"
EndProject
Project("{FAE04EC0-301F-11D3-BF4B-00C04F79EFBC}") = "task29", "hw_4\task29\task29.csproj", "{2CBBB358-9069-441B-8905-A32BA5CFF35C}"
EndProject
Project("{2150E333-8FDC-42A3-9474-1A3956D46DE8}") = "seminar_5", "seminar_5", "{90C67C9A-FC17-4806-900D-EF5140724C36}"
EndProject
Project("{FAE04EC0-301F-11D3-BF4B-00C04F79EFBC}") = "SemExample013", "seminar_5\SemExample013\SemExample013.csproj", "{2E1E2B26-D78F-4AE6-B612-8B66F8387CF8}"
EndProject
Project("{FAE04EC0-301F-11D3-BF4B-00C04F79EFBC}") = "SemExample014", "seminar_5\SemExample014\SemExample014.csproj", "{0C686D7A-306A-4EF0-868F-91C0B3C92E96}"
EndProject
Project("{FAE04EC0-301F-11D3-BF4B-00C04F79EFBC}") = "SemExample015", "seminar_5\SemExample015\SemExample015.csproj", "{4B522674-B79E-471E-BAB5-AA80199ED513}"
EndProject
Project("{FAE04EC0-301F-11D3-BF4B-00C04F79EFBC}") = "SemExample016", "seminar_5\SemExample016\SemExample016.csproj", "{42233600-1FF4-4D2D-A9CB-F09970B54705}"
EndProject
Project("{FAE04EC0-301F-11D3-BF4B-00C04F79EFBC}") = "SemExample017", "seminar_5\SemExample017\SemExample017.csproj", "{25B306E1-5D9F-4145-86FD-D1DF71263584}"
EndProject
Project("{2150E333-8FDC-42A3-9474-1A3956D46DE8}") = "experiments", "experiments", "{4930D91D-1166-4243-ADF3-139BBDE41916}"
EndProject
Project("{FAE04EC0-301F-11D3-BF4B-00C04F79EFBC}") = "exp001", "experiments\exp001\exp001.csproj", "{ED36C922-C542-42EB-A182-81B7CA1EB6BB}"
EndProject
Project("{2150E333-8FDC-42A3-9474-1A3956D46DE8}") = "hw_5", "hw_5", "{2CA69718-9484-4C39-8021-BD89E407FB94}"
EndProject
Project("{FAE04EC0-301F-11D3-BF4B-00C04F79EFBC}") = "task5_1", "hw_5\task5_1\task5_1.csproj", "{07607666-6D02-4B69-90DD-B58DA5537346}"
EndProject
Project("{FAE04EC0-301F-11D3-BF4B-00C04F79EFBC}") = "task5_2", "hw_5\task5_2\task5_2.csproj", "{7D9AF8BE-E6B5-44F3-8C09-4C78C1CFF62B}"
EndProject
Project("{FAE04EC0-301F-11D3-BF4B-00C04F79EFBC}") = "task5_3", "hw_5\task5_3\task5_3.csproj", "{B14039CD-1071-4CD3-B2CE-E11893A46082}"
EndProject
Project("{2150E333-8FDC-42A3-9474-1A3956D46DE8}") = "lecture_4", "lecture_4", "{0819990E-2F0D-41D3-8529-6B0AC67FBAAE}"
EndProject
Project("{FAE04EC0-301F-11D3-BF4B-00C04F79EFBC}") = "example015", "lecture_4\example015\example015.csproj", "{68C68A82-A542-4058-A877-75EFF995BF92}"
EndProject
Project("{2150E333-8FDC-42A3-9474-1A3956D46DE8}") = "seminar_6", "seminar_6", "{910DAAE3-D777-486E-BB6B-D91EAE3DF617}"
EndProject
Project("{FAE04EC0-301F-11D3-BF4B-00C04F79EFBC}") = "SemExample018", "seminar_6\SemExample018\SemExample018.csproj", "{1BB69761-D73F-4B9C-B56C-3E4EB1215A83}"
EndProject
Project("{FAE04EC0-301F-11D3-BF4B-00C04F79EFBC}") = "SemExample019", "seminar_6\SemExample019\SemExample019.csproj", "{DC58014F-2CA9-49DA-A417-7D4ECFBE2BA0}"
EndProject
Project("{FAE04EC0-301F-11D3-BF4B-00C04F79EFBC}") = "SemExample020", "seminar_6\SemExample020\SemExample020.csproj", "{7F9BEC33-B113-4869-96F9-BF0A33DDC525}"
EndProject
Project("{FAE04EC0-301F-11D3-BF4B-00C04F79EFBC}") = "SemExample021", "seminar_6\SemExample021\SemExample021.csproj", "{9EC41450-6E9B-46FC-AF63-D90DE0D56E7E}"
EndProject
Project("{FAE04EC0-301F-11D3-BF4B-00C04F79EFBC}") = "SemExample022", "seminar_6\SemExample022\SemExample022.csproj", "{E3E9D2A5-4E97-43D1-B700-07BE71176CF9}"
EndProject
Project("{FAE04EC0-301F-11D3-BF4B-00C04F79EFBC}") = "SemExample023", "seminar_6\SemExample023\SemExample023.csproj", "{EC423ED3-2FD0-4A91-91EC-C22B5B3686FD}"
EndProject
Project("{2150E333-8FDC-42A3-9474-1A3956D46DE8}") = "hw_6", "hw_6", "{29B395B8-5E78-4139-8176-881262ABB924}"
EndProject
Project("{FAE04EC0-301F-11D3-BF4B-00C04F79EFBC}") = "task6_1", "hw_6\task6_1\task6_1.csproj", "{4A10D7A9-8959-4645-B245-BFBBD81E68BF}"
EndProject
Project("{FAE04EC0-301F-11D3-BF4B-00C04F79EFBC}") = "task6_2", "hw_6\task6_2\task6_2.csproj", "{D32C20C7-8BBD-46A1-84C2-8B210B922819}"
EndProject
Project("{FAE04EC0-301F-11D3-BF4B-00C04F79EFBC}") = "task6_3", "hw_6\task6_3\task6_3.csproj", "{815BD3B2-D62C-4478-8A43-7203713BB20E}"
EndProject
Project("{FAE04EC0-301F-11D3-BF4B-00C04F79EFBC}") = "task6_4", "hw_6\task6_4\task6_4.csproj", "{972A4E63-9337-41A3-ADB7-932FDD1DC6BC}"
EndProject
Global
	GlobalSection(SolutionConfigurationPlatforms) = preSolution
		Debug|Any CPU = Debug|Any CPU
		Release|Any CPU = Release|Any CPU
	EndGlobalSection
	GlobalSection(ProjectConfigurationPlatforms) = postSolution
		{3F5F60CB-2465-491B-A04B-4E752024AE8F}.Debug|Any CPU.ActiveCfg = Debug|Any CPU
		{3F5F60CB-2465-491B-A04B-4E752024AE8F}.Debug|Any CPU.Build.0 = Debug|Any CPU
		{3F5F60CB-2465-491B-A04B-4E752024AE8F}.Release|Any CPU.ActiveCfg = Release|Any CPU
		{3F5F60CB-2465-491B-A04B-4E752024AE8F}.Release|Any CPU.Build.0 = Release|Any CPU
		{7068811F-5752-4DF0-B7FF-842281EFD99B}.Debug|Any CPU.ActiveCfg = Debug|Any CPU
		{7068811F-5752-4DF0-B7FF-842281EFD99B}.Debug|Any CPU.Build.0 = Debug|Any CPU
		{7068811F-5752-4DF0-B7FF-842281EFD99B}.Release|Any CPU.ActiveCfg = Release|Any CPU
		{7068811F-5752-4DF0-B7FF-842281EFD99B}.Release|Any CPU.Build.0 = Release|Any CPU
		{D72E18E7-0C73-4C69-B3CB-5CBD658A1D0A}.Debug|Any CPU.ActiveCfg = Debug|Any CPU
		{D72E18E7-0C73-4C69-B3CB-5CBD658A1D0A}.Debug|Any CPU.Build.0 = Debug|Any CPU
		{D72E18E7-0C73-4C69-B3CB-5CBD658A1D0A}.Release|Any CPU.ActiveCfg = Release|Any CPU
		{D72E18E7-0C73-4C69-B3CB-5CBD658A1D0A}.Release|Any CPU.Build.0 = Release|Any CPU
		{C13002D2-0053-4CD0-AFD1-A730391FA282}.Debug|Any CPU.ActiveCfg = Debug|Any CPU
		{C13002D2-0053-4CD0-AFD1-A730391FA282}.Debug|Any CPU.Build.0 = Debug|Any CPU
		{C13002D2-0053-4CD0-AFD1-A730391FA282}.Release|Any CPU.ActiveCfg = Release|Any CPU
		{C13002D2-0053-4CD0-AFD1-A730391FA282}.Release|Any CPU.Build.0 = Release|Any CPU
		{11B82FBE-5D3B-4CFA-B1CE-A8A38903B50B}.Debug|Any CPU.ActiveCfg = Debug|Any CPU
		{11B82FBE-5D3B-4CFA-B1CE-A8A38903B50B}.Debug|Any CPU.Build.0 = Debug|Any CPU
		{11B82FBE-5D3B-4CFA-B1CE-A8A38903B50B}.Release|Any CPU.ActiveCfg = Release|Any CPU
		{11B82FBE-5D3B-4CFA-B1CE-A8A38903B50B}.Release|Any CPU.Build.0 = Release|Any CPU
		{C947A7FF-3F0A-451B-97CB-F3B045764608}.Debug|Any CPU.ActiveCfg = Debug|Any CPU
		{C947A7FF-3F0A-451B-97CB-F3B045764608}.Debug|Any CPU.Build.0 = Debug|Any CPU
		{C947A7FF-3F0A-451B-97CB-F3B045764608}.Release|Any CPU.ActiveCfg = Release|Any CPU
		{C947A7FF-3F0A-451B-97CB-F3B045764608}.Release|Any CPU.Build.0 = Release|Any CPU
		{7551B7E9-47D3-4FF2-ADE2-51863BC10708}.Debug|Any CPU.ActiveCfg = Debug|Any CPU
		{7551B7E9-47D3-4FF2-ADE2-51863BC10708}.Debug|Any CPU.Build.0 = Debug|Any CPU
		{7551B7E9-47D3-4FF2-ADE2-51863BC10708}.Release|Any CPU.ActiveCfg = Release|Any CPU
		{7551B7E9-47D3-4FF2-ADE2-51863BC10708}.Release|Any CPU.Build.0 = Release|Any CPU
		{8E8AB2C2-82FC-4527-A71F-2F0E5BFF5EE4}.Debug|Any CPU.ActiveCfg = Debug|Any CPU
		{8E8AB2C2-82FC-4527-A71F-2F0E5BFF5EE4}.Debug|Any CPU.Build.0 = Debug|Any CPU
		{8E8AB2C2-82FC-4527-A71F-2F0E5BFF5EE4}.Release|Any CPU.ActiveCfg = Release|Any CPU
		{8E8AB2C2-82FC-4527-A71F-2F0E5BFF5EE4}.Release|Any CPU.Build.0 = Release|Any CPU
		{B1A79221-C1F4-4BFB-AB61-17EA1C237C07}.Debug|Any CPU.ActiveCfg = Debug|Any CPU
		{B1A79221-C1F4-4BFB-AB61-17EA1C237C07}.Debug|Any CPU.Build.0 = Debug|Any CPU
		{B1A79221-C1F4-4BFB-AB61-17EA1C237C07}.Release|Any CPU.ActiveCfg = Release|Any CPU
		{B1A79221-C1F4-4BFB-AB61-17EA1C237C07}.Release|Any CPU.Build.0 = Release|Any CPU
		{B707674E-2C10-43DD-A07E-72D021E43749}.Debug|Any CPU.ActiveCfg = Debug|Any CPU
		{B707674E-2C10-43DD-A07E-72D021E43749}.Debug|Any CPU.Build.0 = Debug|Any CPU
		{B707674E-2C10-43DD-A07E-72D021E43749}.Release|Any CPU.ActiveCfg = Release|Any CPU
		{B707674E-2C10-43DD-A07E-72D021E43749}.Release|Any CPU.Build.0 = Release|Any CPU
		{380430FB-7B68-468B-B474-136F0823356A}.Debug|Any CPU.ActiveCfg = Debug|Any CPU
		{380430FB-7B68-468B-B474-136F0823356A}.Debug|Any CPU.Build.0 = Debug|Any CPU
		{380430FB-7B68-468B-B474-136F0823356A}.Release|Any CPU.ActiveCfg = Release|Any CPU
		{380430FB-7B68-468B-B474-136F0823356A}.Release|Any CPU.Build.0 = Release|Any CPU
		{7687CE68-F0E6-4C25-B95C-8CBE1A9182AC}.Debug|Any CPU.ActiveCfg = Debug|Any CPU
		{7687CE68-F0E6-4C25-B95C-8CBE1A9182AC}.Debug|Any CPU.Build.0 = Debug|Any CPU
		{7687CE68-F0E6-4C25-B95C-8CBE1A9182AC}.Release|Any CPU.ActiveCfg = Release|Any CPU
		{7687CE68-F0E6-4C25-B95C-8CBE1A9182AC}.Release|Any CPU.Build.0 = Release|Any CPU
		{EDE2C540-3E7B-47C8-AFFC-191F865ACDFA}.Debug|Any CPU.ActiveCfg = Debug|Any CPU
		{EDE2C540-3E7B-47C8-AFFC-191F865ACDFA}.Debug|Any CPU.Build.0 = Debug|Any CPU
		{EDE2C540-3E7B-47C8-AFFC-191F865ACDFA}.Release|Any CPU.ActiveCfg = Release|Any CPU
		{EDE2C540-3E7B-47C8-AFFC-191F865ACDFA}.Release|Any CPU.Build.0 = Release|Any CPU
		{8A1A042C-9B80-4816-9491-516E4227DC45}.Debug|Any CPU.ActiveCfg = Debug|Any CPU
		{8A1A042C-9B80-4816-9491-516E4227DC45}.Debug|Any CPU.Build.0 = Debug|Any CPU
		{8A1A042C-9B80-4816-9491-516E4227DC45}.Release|Any CPU.ActiveCfg = Release|Any CPU
		{8A1A042C-9B80-4816-9491-516E4227DC45}.Release|Any CPU.Build.0 = Release|Any CPU
		{EE24C947-301D-4B55-A621-651751316EDE}.Debug|Any CPU.ActiveCfg = Debug|Any CPU
		{EE24C947-301D-4B55-A621-651751316EDE}.Debug|Any CPU.Build.0 = Debug|Any CPU
		{EE24C947-301D-4B55-A621-651751316EDE}.Release|Any CPU.ActiveCfg = Release|Any CPU
		{EE24C947-301D-4B55-A621-651751316EDE}.Release|Any CPU.Build.0 = Release|Any CPU
		{F52D9BAF-2001-44B7-8A60-EB6F3DAB4621}.Debug|Any CPU.ActiveCfg = Debug|Any CPU
		{F52D9BAF-2001-44B7-8A60-EB6F3DAB4621}.Debug|Any CPU.Build.0 = Debug|Any CPU
		{F52D9BAF-2001-44B7-8A60-EB6F3DAB4621}.Release|Any CPU.ActiveCfg = Release|Any CPU
		{F52D9BAF-2001-44B7-8A60-EB6F3DAB4621}.Release|Any CPU.Build.0 = Release|Any CPU
		{3DED65FE-F85D-4A60-877B-024EE385F472}.Debug|Any CPU.ActiveCfg = Debug|Any CPU
		{3DED65FE-F85D-4A60-877B-024EE385F472}.Debug|Any CPU.Build.0 = Debug|Any CPU
		{3DED65FE-F85D-4A60-877B-024EE385F472}.Release|Any CPU.ActiveCfg = Release|Any CPU
		{3DED65FE-F85D-4A60-877B-024EE385F472}.Release|Any CPU.Build.0 = Release|Any CPU
		{2833C3D2-1A00-4C5A-9274-551E301F0D01}.Debug|Any CPU.ActiveCfg = Debug|Any CPU
		{2833C3D2-1A00-4C5A-9274-551E301F0D01}.Debug|Any CPU.Build.0 = Debug|Any CPU
		{2833C3D2-1A00-4C5A-9274-551E301F0D01}.Release|Any CPU.ActiveCfg = Release|Any CPU
		{2833C3D2-1A00-4C5A-9274-551E301F0D01}.Release|Any CPU.Build.0 = Release|Any CPU
		{9AEEA042-97A5-469C-AE73-BB8A523D560F}.Debug|Any CPU.ActiveCfg = Debug|Any CPU
		{9AEEA042-97A5-469C-AE73-BB8A523D560F}.Debug|Any CPU.Build.0 = Debug|Any CPU
		{9AEEA042-97A5-469C-AE73-BB8A523D560F}.Release|Any CPU.ActiveCfg = Release|Any CPU
		{9AEEA042-97A5-469C-AE73-BB8A523D560F}.Release|Any CPU.Build.0 = Release|Any CPU
		{619C2586-ED21-47EA-8768-92DDDD69BC91}.Debug|Any CPU.ActiveCfg = Debug|Any CPU
		{619C2586-ED21-47EA-8768-92DDDD69BC91}.Debug|Any CPU.Build.0 = Debug|Any CPU
		{619C2586-ED21-47EA-8768-92DDDD69BC91}.Release|Any CPU.ActiveCfg = Release|Any CPU
		{619C2586-ED21-47EA-8768-92DDDD69BC91}.Release|Any CPU.Build.0 = Release|Any CPU
		{26E9503D-B2FF-434D-8206-9AE4864DA3C9}.Debug|Any CPU.ActiveCfg = Debug|Any CPU
		{26E9503D-B2FF-434D-8206-9AE4864DA3C9}.Debug|Any CPU.Build.0 = Debug|Any CPU
		{26E9503D-B2FF-434D-8206-9AE4864DA3C9}.Release|Any CPU.ActiveCfg = Release|Any CPU
		{26E9503D-B2FF-434D-8206-9AE4864DA3C9}.Release|Any CPU.Build.0 = Release|Any CPU
		{F987D1C3-BB99-4731-986F-0AA94E159C3C}.Debug|Any CPU.ActiveCfg = Debug|Any CPU
		{F987D1C3-BB99-4731-986F-0AA94E159C3C}.Debug|Any CPU.Build.0 = Debug|Any CPU
		{F987D1C3-BB99-4731-986F-0AA94E159C3C}.Release|Any CPU.ActiveCfg = Release|Any CPU
		{F987D1C3-BB99-4731-986F-0AA94E159C3C}.Release|Any CPU.Build.0 = Release|Any CPU
		{35FE0BBB-632B-4C2C-8479-B8D1FC3A4E8B}.Debug|Any CPU.ActiveCfg = Debug|Any CPU
		{35FE0BBB-632B-4C2C-8479-B8D1FC3A4E8B}.Debug|Any CPU.Build.0 = Debug|Any CPU
		{35FE0BBB-632B-4C2C-8479-B8D1FC3A4E8B}.Release|Any CPU.ActiveCfg = Release|Any CPU
		{35FE0BBB-632B-4C2C-8479-B8D1FC3A4E8B}.Release|Any CPU.Build.0 = Release|Any CPU
		{FB36F8B8-25FB-4930-9E80-2CC15F4E09CF}.Debug|Any CPU.ActiveCfg = Debug|Any CPU
		{FB36F8B8-25FB-4930-9E80-2CC15F4E09CF}.Debug|Any CPU.Build.0 = Debug|Any CPU
		{FB36F8B8-25FB-4930-9E80-2CC15F4E09CF}.Release|Any CPU.ActiveCfg = Release|Any CPU
		{FB36F8B8-25FB-4930-9E80-2CC15F4E09CF}.Release|Any CPU.Build.0 = Release|Any CPU
		{F38C582D-EDDA-4522-8B46-53AE711C6B9A}.Debug|Any CPU.ActiveCfg = Debug|Any CPU
		{F38C582D-EDDA-4522-8B46-53AE711C6B9A}.Debug|Any CPU.Build.0 = Debug|Any CPU
		{F38C582D-EDDA-4522-8B46-53AE711C6B9A}.Release|Any CPU.ActiveCfg = Release|Any CPU
		{F38C582D-EDDA-4522-8B46-53AE711C6B9A}.Release|Any CPU.Build.0 = Release|Any CPU
		{21C55DF6-85E4-46C2-B6C9-A45A609EF857}.Debug|Any CPU.ActiveCfg = Debug|Any CPU
		{21C55DF6-85E4-46C2-B6C9-A45A609EF857}.Debug|Any CPU.Build.0 = Debug|Any CPU
		{21C55DF6-85E4-46C2-B6C9-A45A609EF857}.Release|Any CPU.ActiveCfg = Release|Any CPU
		{21C55DF6-85E4-46C2-B6C9-A45A609EF857}.Release|Any CPU.Build.0 = Release|Any CPU
		{9F89D982-90E2-4B01-96AE-BCFF59528D00}.Debug|Any CPU.ActiveCfg = Debug|Any CPU
		{9F89D982-90E2-4B01-96AE-BCFF59528D00}.Debug|Any CPU.Build.0 = Debug|Any CPU
		{9F89D982-90E2-4B01-96AE-BCFF59528D00}.Release|Any CPU.ActiveCfg = Release|Any CPU
		{9F89D982-90E2-4B01-96AE-BCFF59528D00}.Release|Any CPU.Build.0 = Release|Any CPU
		{B1C4E43F-E19B-482A-B24C-83A17A9AB0A4}.Debug|Any CPU.ActiveCfg = Debug|Any CPU
		{B1C4E43F-E19B-482A-B24C-83A17A9AB0A4}.Debug|Any CPU.Build.0 = Debug|Any CPU
		{B1C4E43F-E19B-482A-B24C-83A17A9AB0A4}.Release|Any CPU.ActiveCfg = Release|Any CPU
		{B1C4E43F-E19B-482A-B24C-83A17A9AB0A4}.Release|Any CPU.Build.0 = Release|Any CPU
		{A7F54D8C-F1DC-4DF6-BC52-3A746BAB45F4}.Debug|Any CPU.ActiveCfg = Debug|Any CPU
		{A7F54D8C-F1DC-4DF6-BC52-3A746BAB45F4}.Debug|Any CPU.Build.0 = Debug|Any CPU
		{A7F54D8C-F1DC-4DF6-BC52-3A746BAB45F4}.Release|Any CPU.ActiveCfg = Release|Any CPU
		{A7F54D8C-F1DC-4DF6-BC52-3A746BAB45F4}.Release|Any CPU.Build.0 = Release|Any CPU
		{7317AAEA-1884-47CE-B7FD-99182957957F}.Debug|Any CPU.ActiveCfg = Debug|Any CPU
		{7317AAEA-1884-47CE-B7FD-99182957957F}.Debug|Any CPU.Build.0 = Debug|Any CPU
		{7317AAEA-1884-47CE-B7FD-99182957957F}.Release|Any CPU.ActiveCfg = Release|Any CPU
		{7317AAEA-1884-47CE-B7FD-99182957957F}.Release|Any CPU.Build.0 = Release|Any CPU
		{9EA4BD87-3953-4CA2-A5E7-00BFEEB9D5BA}.Debug|Any CPU.ActiveCfg = Debug|Any CPU
		{9EA4BD87-3953-4CA2-A5E7-00BFEEB9D5BA}.Debug|Any CPU.Build.0 = Debug|Any CPU
		{9EA4BD87-3953-4CA2-A5E7-00BFEEB9D5BA}.Release|Any CPU.ActiveCfg = Release|Any CPU
		{9EA4BD87-3953-4CA2-A5E7-00BFEEB9D5BA}.Release|Any CPU.Build.0 = Release|Any CPU
		{F4ED572C-5E31-419C-AE2D-F95034C879A3}.Debug|Any CPU.ActiveCfg = Debug|Any CPU
		{F4ED572C-5E31-419C-AE2D-F95034C879A3}.Debug|Any CPU.Build.0 = Debug|Any CPU
		{F4ED572C-5E31-419C-AE2D-F95034C879A3}.Release|Any CPU.ActiveCfg = Release|Any CPU
		{F4ED572C-5E31-419C-AE2D-F95034C879A3}.Release|Any CPU.Build.0 = Release|Any CPU
		{7BEB8D8D-59E3-4D89-9709-7DDEC9953EB3}.Debug|Any CPU.ActiveCfg = Debug|Any CPU
		{7BEB8D8D-59E3-4D89-9709-7DDEC9953EB3}.Debug|Any CPU.Build.0 = Debug|Any CPU
		{7BEB8D8D-59E3-4D89-9709-7DDEC9953EB3}.Release|Any CPU.ActiveCfg = Release|Any CPU
		{7BEB8D8D-59E3-4D89-9709-7DDEC9953EB3}.Release|Any CPU.Build.0 = Release|Any CPU
		{106685A2-99DD-43CA-A7CF-77C6022B80AE}.Debug|Any CPU.ActiveCfg = Debug|Any CPU
		{106685A2-99DD-43CA-A7CF-77C6022B80AE}.Debug|Any CPU.Build.0 = Debug|Any CPU
		{106685A2-99DD-43CA-A7CF-77C6022B80AE}.Release|Any CPU.ActiveCfg = Release|Any CPU
		{106685A2-99DD-43CA-A7CF-77C6022B80AE}.Release|Any CPU.Build.0 = Release|Any CPU
		{112DE943-025F-4A76-B53C-3E4CA2E75D49}.Debug|Any CPU.ActiveCfg = Debug|Any CPU
		{112DE943-025F-4A76-B53C-3E4CA2E75D49}.Debug|Any CPU.Build.0 = Debug|Any CPU
		{112DE943-025F-4A76-B53C-3E4CA2E75D49}.Release|Any CPU.ActiveCfg = Release|Any CPU
		{112DE943-025F-4A76-B53C-3E4CA2E75D49}.Release|Any CPU.Build.0 = Release|Any CPU
		{5AFA2D0B-8E85-475C-9C9E-352F4533AB83}.Debug|Any CPU.ActiveCfg = Debug|Any CPU
		{5AFA2D0B-8E85-475C-9C9E-352F4533AB83}.Debug|Any CPU.Build.0 = Debug|Any CPU
		{5AFA2D0B-8E85-475C-9C9E-352F4533AB83}.Release|Any CPU.ActiveCfg = Release|Any CPU
		{5AFA2D0B-8E85-475C-9C9E-352F4533AB83}.Release|Any CPU.Build.0 = Release|Any CPU
		{A59EB804-E8AF-4077-B53F-AE70D362C7A4}.Debug|Any CPU.ActiveCfg = Debug|Any CPU
		{A59EB804-E8AF-4077-B53F-AE70D362C7A4}.Debug|Any CPU.Build.0 = Debug|Any CPU
		{A59EB804-E8AF-4077-B53F-AE70D362C7A4}.Release|Any CPU.ActiveCfg = Release|Any CPU
		{A59EB804-E8AF-4077-B53F-AE70D362C7A4}.Release|Any CPU.Build.0 = Release|Any CPU
		{FD308876-BE8C-4637-835B-9E32D0AF1E41}.Debug|Any CPU.ActiveCfg = Debug|Any CPU
		{FD308876-BE8C-4637-835B-9E32D0AF1E41}.Debug|Any CPU.Build.0 = Debug|Any CPU
		{FD308876-BE8C-4637-835B-9E32D0AF1E41}.Release|Any CPU.ActiveCfg = Release|Any CPU
		{FD308876-BE8C-4637-835B-9E32D0AF1E41}.Release|Any CPU.Build.0 = Release|Any CPU
		{725FC1ED-110B-4F0C-812E-264F3679D549}.Debug|Any CPU.ActiveCfg = Debug|Any CPU
		{725FC1ED-110B-4F0C-812E-264F3679D549}.Debug|Any CPU.Build.0 = Debug|Any CPU
		{725FC1ED-110B-4F0C-812E-264F3679D549}.Release|Any CPU.ActiveCfg = Release|Any CPU
		{725FC1ED-110B-4F0C-812E-264F3679D549}.Release|Any CPU.Build.0 = Release|Any CPU
		{DF696294-7DD6-42D5-91D6-D0063F5AF4C0}.Debug|Any CPU.ActiveCfg = Debug|Any CPU
		{DF696294-7DD6-42D5-91D6-D0063F5AF4C0}.Debug|Any CPU.Build.0 = Debug|Any CPU
		{DF696294-7DD6-42D5-91D6-D0063F5AF4C0}.Release|Any CPU.ActiveCfg = Release|Any CPU
		{DF696294-7DD6-42D5-91D6-D0063F5AF4C0}.Release|Any CPU.Build.0 = Release|Any CPU
		{2CBBB358-9069-441B-8905-A32BA5CFF35C}.Debug|Any CPU.ActiveCfg = Debug|Any CPU
		{2CBBB358-9069-441B-8905-A32BA5CFF35C}.Debug|Any CPU.Build.0 = Debug|Any CPU
		{2CBBB358-9069-441B-8905-A32BA5CFF35C}.Release|Any CPU.ActiveCfg = Release|Any CPU
		{2CBBB358-9069-441B-8905-A32BA5CFF35C}.Release|Any CPU.Build.0 = Release|Any CPU
		{2E1E2B26-D78F-4AE6-B612-8B66F8387CF8}.Debug|Any CPU.ActiveCfg = Debug|Any CPU
		{2E1E2B26-D78F-4AE6-B612-8B66F8387CF8}.Debug|Any CPU.Build.0 = Debug|Any CPU
		{2E1E2B26-D78F-4AE6-B612-8B66F8387CF8}.Release|Any CPU.ActiveCfg = Release|Any CPU
		{2E1E2B26-D78F-4AE6-B612-8B66F8387CF8}.Release|Any CPU.Build.0 = Release|Any CPU
		{0C686D7A-306A-4EF0-868F-91C0B3C92E96}.Debug|Any CPU.ActiveCfg = Debug|Any CPU
		{0C686D7A-306A-4EF0-868F-91C0B3C92E96}.Debug|Any CPU.Build.0 = Debug|Any CPU
		{0C686D7A-306A-4EF0-868F-91C0B3C92E96}.Release|Any CPU.ActiveCfg = Release|Any CPU
		{0C686D7A-306A-4EF0-868F-91C0B3C92E96}.Release|Any CPU.Build.0 = Release|Any CPU
		{4B522674-B79E-471E-BAB5-AA80199ED513}.Debug|Any CPU.ActiveCfg = Debug|Any CPU
		{4B522674-B79E-471E-BAB5-AA80199ED513}.Debug|Any CPU.Build.0 = Debug|Any CPU
		{4B522674-B79E-471E-BAB5-AA80199ED513}.Release|Any CPU.ActiveCfg = Release|Any CPU
		{4B522674-B79E-471E-BAB5-AA80199ED513}.Release|Any CPU.Build.0 = Release|Any CPU
		{42233600-1FF4-4D2D-A9CB-F09970B54705}.Debug|Any CPU.ActiveCfg = Debug|Any CPU
		{42233600-1FF4-4D2D-A9CB-F09970B54705}.Debug|Any CPU.Build.0 = Debug|Any CPU
		{42233600-1FF4-4D2D-A9CB-F09970B54705}.Release|Any CPU.ActiveCfg = Release|Any CPU
		{42233600-1FF4-4D2D-A9CB-F09970B54705}.Release|Any CPU.Build.0 = Release|Any CPU
		{25B306E1-5D9F-4145-86FD-D1DF71263584}.Debug|Any CPU.ActiveCfg = Debug|Any CPU
		{25B306E1-5D9F-4145-86FD-D1DF71263584}.Debug|Any CPU.Build.0 = Debug|Any CPU
		{25B306E1-5D9F-4145-86FD-D1DF71263584}.Release|Any CPU.ActiveCfg = Release|Any CPU
		{25B306E1-5D9F-4145-86FD-D1DF71263584}.Release|Any CPU.Build.0 = Release|Any CPU
		{ED36C922-C542-42EB-A182-81B7CA1EB6BB}.Debug|Any CPU.ActiveCfg = Debug|Any CPU
		{ED36C922-C542-42EB-A182-81B7CA1EB6BB}.Debug|Any CPU.Build.0 = Debug|Any CPU
		{ED36C922-C542-42EB-A182-81B7CA1EB6BB}.Release|Any CPU.ActiveCfg = Release|Any CPU
		{ED36C922-C542-42EB-A182-81B7CA1EB6BB}.Release|Any CPU.Build.0 = Release|Any CPU
		{07607666-6D02-4B69-90DD-B58DA5537346}.Debug|Any CPU.ActiveCfg = Debug|Any CPU
		{07607666-6D02-4B69-90DD-B58DA5537346}.Debug|Any CPU.Build.0 = Debug|Any CPU
		{07607666-6D02-4B69-90DD-B58DA5537346}.Release|Any CPU.ActiveCfg = Release|Any CPU
		{07607666-6D02-4B69-90DD-B58DA5537346}.Release|Any CPU.Build.0 = Release|Any CPU
		{7D9AF8BE-E6B5-44F3-8C09-4C78C1CFF62B}.Debug|Any CPU.ActiveCfg = Debug|Any CPU
		{7D9AF8BE-E6B5-44F3-8C09-4C78C1CFF62B}.Debug|Any CPU.Build.0 = Debug|Any CPU
		{7D9AF8BE-E6B5-44F3-8C09-4C78C1CFF62B}.Release|Any CPU.ActiveCfg = Release|Any CPU
		{7D9AF8BE-E6B5-44F3-8C09-4C78C1CFF62B}.Release|Any CPU.Build.0 = Release|Any CPU
		{B14039CD-1071-4CD3-B2CE-E11893A46082}.Debug|Any CPU.ActiveCfg = Debug|Any CPU
		{B14039CD-1071-4CD3-B2CE-E11893A46082}.Debug|Any CPU.Build.0 = Debug|Any CPU
		{B14039CD-1071-4CD3-B2CE-E11893A46082}.Release|Any CPU.ActiveCfg = Release|Any CPU
		{B14039CD-1071-4CD3-B2CE-E11893A46082}.Release|Any CPU.Build.0 = Release|Any CPU
		{68C68A82-A542-4058-A877-75EFF995BF92}.Debug|Any CPU.ActiveCfg = Debug|Any CPU
		{68C68A82-A542-4058-A877-75EFF995BF92}.Debug|Any CPU.Build.0 = Debug|Any CPU
		{68C68A82-A542-4058-A877-75EFF995BF92}.Release|Any CPU.ActiveCfg = Release|Any CPU
		{68C68A82-A542-4058-A877-75EFF995BF92}.Release|Any CPU.Build.0 = Release|Any CPU
		{1BB69761-D73F-4B9C-B56C-3E4EB1215A83}.Debug|Any CPU.ActiveCfg = Debug|Any CPU
		{1BB69761-D73F-4B9C-B56C-3E4EB1215A83}.Debug|Any CPU.Build.0 = Debug|Any CPU
		{1BB69761-D73F-4B9C-B56C-3E4EB1215A83}.Release|Any CPU.ActiveCfg = Release|Any CPU
		{1BB69761-D73F-4B9C-B56C-3E4EB1215A83}.Release|Any CPU.Build.0 = Release|Any CPU
		{DC58014F-2CA9-49DA-A417-7D4ECFBE2BA0}.Debug|Any CPU.ActiveCfg = Debug|Any CPU
		{DC58014F-2CA9-49DA-A417-7D4ECFBE2BA0}.Debug|Any CPU.Build.0 = Debug|Any CPU
		{DC58014F-2CA9-49DA-A417-7D4ECFBE2BA0}.Release|Any CPU.ActiveCfg = Release|Any CPU
		{DC58014F-2CA9-49DA-A417-7D4ECFBE2BA0}.Release|Any CPU.Build.0 = Release|Any CPU
		{7F9BEC33-B113-4869-96F9-BF0A33DDC525}.Debug|Any CPU.ActiveCfg = Debug|Any CPU
		{7F9BEC33-B113-4869-96F9-BF0A33DDC525}.Debug|Any CPU.Build.0 = Debug|Any CPU
		{7F9BEC33-B113-4869-96F9-BF0A33DDC525}.Release|Any CPU.ActiveCfg = Release|Any CPU
		{7F9BEC33-B113-4869-96F9-BF0A33DDC525}.Release|Any CPU.Build.0 = Release|Any CPU
		{9EC41450-6E9B-46FC-AF63-D90DE0D56E7E}.Debug|Any CPU.ActiveCfg = Debug|Any CPU
		{9EC41450-6E9B-46FC-AF63-D90DE0D56E7E}.Debug|Any CPU.Build.0 = Debug|Any CPU
		{9EC41450-6E9B-46FC-AF63-D90DE0D56E7E}.Release|Any CPU.ActiveCfg = Release|Any CPU
		{9EC41450-6E9B-46FC-AF63-D90DE0D56E7E}.Release|Any CPU.Build.0 = Release|Any CPU
		{E3E9D2A5-4E97-43D1-B700-07BE71176CF9}.Debug|Any CPU.ActiveCfg = Debug|Any CPU
		{E3E9D2A5-4E97-43D1-B700-07BE71176CF9}.Debug|Any CPU.Build.0 = Debug|Any CPU
		{E3E9D2A5-4E97-43D1-B700-07BE71176CF9}.Release|Any CPU.ActiveCfg = Release|Any CPU
		{E3E9D2A5-4E97-43D1-B700-07BE71176CF9}.Release|Any CPU.Build.0 = Release|Any CPU
		{EC423ED3-2FD0-4A91-91EC-C22B5B3686FD}.Debug|Any CPU.ActiveCfg = Debug|Any CPU
		{EC423ED3-2FD0-4A91-91EC-C22B5B3686FD}.Debug|Any CPU.Build.0 = Debug|Any CPU
		{EC423ED3-2FD0-4A91-91EC-C22B5B3686FD}.Release|Any CPU.ActiveCfg = Release|Any CPU
		{EC423ED3-2FD0-4A91-91EC-C22B5B3686FD}.Release|Any CPU.Build.0 = Release|Any CPU
		{4A10D7A9-8959-4645-B245-BFBBD81E68BF}.Debug|Any CPU.ActiveCfg = Debug|Any CPU
		{4A10D7A9-8959-4645-B245-BFBBD81E68BF}.Debug|Any CPU.Build.0 = Debug|Any CPU
		{4A10D7A9-8959-4645-B245-BFBBD81E68BF}.Release|Any CPU.ActiveCfg = Release|Any CPU
		{4A10D7A9-8959-4645-B245-BFBBD81E68BF}.Release|Any CPU.Build.0 = Release|Any CPU
		{D32C20C7-8BBD-46A1-84C2-8B210B922819}.Debug|Any CPU.ActiveCfg = Debug|Any CPU
		{D32C20C7-8BBD-46A1-84C2-8B210B922819}.Debug|Any CPU.Build.0 = Debug|Any CPU
		{D32C20C7-8BBD-46A1-84C2-8B210B922819}.Release|Any CPU.ActiveCfg = Release|Any CPU
		{D32C20C7-8BBD-46A1-84C2-8B210B922819}.Release|Any CPU.Build.0 = Release|Any CPU
		{815BD3B2-D62C-4478-8A43-7203713BB20E}.Debug|Any CPU.ActiveCfg = Debug|Any CPU
		{815BD3B2-D62C-4478-8A43-7203713BB20E}.Debug|Any CPU.Build.0 = Debug|Any CPU
		{815BD3B2-D62C-4478-8A43-7203713BB20E}.Release|Any CPU.ActiveCfg = Release|Any CPU
		{815BD3B2-D62C-4478-8A43-7203713BB20E}.Release|Any CPU.Build.0 = Release|Any CPU
		{972A4E63-9337-41A3-ADB7-932FDD1DC6BC}.Debug|Any CPU.ActiveCfg = Debug|Any CPU
		{972A4E63-9337-41A3-ADB7-932FDD1DC6BC}.Debug|Any CPU.Build.0 = Debug|Any CPU
		{972A4E63-9337-41A3-ADB7-932FDD1DC6BC}.Release|Any CPU.ActiveCfg = Release|Any CPU
		{972A4E63-9337-41A3-ADB7-932FDD1DC6BC}.Release|Any CPU.Build.0 = Release|Any CPU
	EndGlobalSection
	GlobalSection(SolutionProperties) = preSolution
		HideSolutionNode = FALSE
	EndGlobalSection
	GlobalSection(NestedProjects) = preSolution
		{3F5F60CB-2465-491B-A04B-4E752024AE8F} = {82AD85EF-E715-40D8-A673-761A4EB50B6F}
		{7068811F-5752-4DF0-B7FF-842281EFD99B} = {82AD85EF-E715-40D8-A673-761A4EB50B6F}
		{D72E18E7-0C73-4C69-B3CB-5CBD658A1D0A} = {82AD85EF-E715-40D8-A673-761A4EB50B6F}
		{C13002D2-0053-4CD0-AFD1-A730391FA282} = {82AD85EF-E715-40D8-A673-761A4EB50B6F}
		{11B82FBE-5D3B-4CFA-B1CE-A8A38903B50B} = {82AD85EF-E715-40D8-A673-761A4EB50B6F}
		{C947A7FF-3F0A-451B-97CB-F3B045764608} = {82AD85EF-E715-40D8-A673-761A4EB50B6F}
		{7551B7E9-47D3-4FF2-ADE2-51863BC10708} = {82AD85EF-E715-40D8-A673-761A4EB50B6F}
		{8E8AB2C2-82FC-4527-A71F-2F0E5BFF5EE4} = {49208402-0E83-4EFF-BA90-20DFE680002D}
		{B1A79221-C1F4-4BFB-AB61-17EA1C237C07} = {54FB5C47-27CD-4A40-8443-34BF903106AB}
		{B707674E-2C10-43DD-A07E-72D021E43749} = {54FB5C47-27CD-4A40-8443-34BF903106AB}
		{380430FB-7B68-468B-B474-136F0823356A} = {54FB5C47-27CD-4A40-8443-34BF903106AB}
		{7687CE68-F0E6-4C25-B95C-8CBE1A9182AC} = {54FB5C47-27CD-4A40-8443-34BF903106AB}
		{EDE2C540-3E7B-47C8-AFFC-191F865ACDFA} = {8D5A4372-3782-4B3C-878E-A2F1D9331520}
		{8A1A042C-9B80-4816-9491-516E4227DC45} = {8D5A4372-3782-4B3C-878E-A2F1D9331520}
		{EE24C947-301D-4B55-A621-651751316EDE} = {8D5A4372-3782-4B3C-878E-A2F1D9331520}
		{F52D9BAF-2001-44B7-8A60-EB6F3DAB4621} = {8D5A4372-3782-4B3C-878E-A2F1D9331520}
		{3DED65FE-F85D-4A60-877B-024EE385F472} = {D3C6BB79-8D40-4418-9CC8-F27D2C7807C4}
		{2833C3D2-1A00-4C5A-9274-551E301F0D01} = {D3C6BB79-8D40-4418-9CC8-F27D2C7807C4}
		{9AEEA042-97A5-469C-AE73-BB8A523D560F} = {D3C6BB79-8D40-4418-9CC8-F27D2C7807C4}
		{619C2586-ED21-47EA-8768-92DDDD69BC91} = {D3C6BB79-8D40-4418-9CC8-F27D2C7807C4}
		{26E9503D-B2FF-434D-8206-9AE4864DA3C9} = {D3C6BB79-8D40-4418-9CC8-F27D2C7807C4}
		{F987D1C3-BB99-4731-986F-0AA94E159C3C} = {96759EF0-79B6-42F0-8606-EC1CFD827BFA}
		{35FE0BBB-632B-4C2C-8479-B8D1FC3A4E8B} = {96759EF0-79B6-42F0-8606-EC1CFD827BFA}
		{FB36F8B8-25FB-4930-9E80-2CC15F4E09CF} = {96759EF0-79B6-42F0-8606-EC1CFD827BFA}
		{F38C582D-EDDA-4522-8B46-53AE711C6B9A} = {E19D5669-1162-4A83-A39D-8F7CBB4B419A}
		{21C55DF6-85E4-46C2-B6C9-A45A609EF857} = {E19D5669-1162-4A83-A39D-8F7CBB4B419A}
		{9F89D982-90E2-4B01-96AE-BCFF59528D00} = {E19D5669-1162-4A83-A39D-8F7CBB4B419A}
		{B1C4E43F-E19B-482A-B24C-83A17A9AB0A4} = {E19D5669-1162-4A83-A39D-8F7CBB4B419A}
		{A7F54D8C-F1DC-4DF6-BC52-3A746BAB45F4} = {00F3DF8F-1DE8-436F-ACF6-D9538136471E}
		{7317AAEA-1884-47CE-B7FD-99182957957F} = {00F3DF8F-1DE8-436F-ACF6-D9538136471E}
		{9EA4BD87-3953-4CA2-A5E7-00BFEEB9D5BA} = {00F3DF8F-1DE8-436F-ACF6-D9538136471E}
		{F4ED572C-5E31-419C-AE2D-F95034C879A3} = {3113BB74-530F-4665-8631-94359F8703EC}
		{7BEB8D8D-59E3-4D89-9709-7DDEC9953EB3} = {3113BB74-530F-4665-8631-94359F8703EC}
		{106685A2-99DD-43CA-A7CF-77C6022B80AE} = {3113BB74-530F-4665-8631-94359F8703EC}
		{112DE943-025F-4A76-B53C-3E4CA2E75D49} = {334CC02A-E020-44E6-B9BB-3B0F75C3EB81}
		{5AFA2D0B-8E85-475C-9C9E-352F4533AB83} = {334CC02A-E020-44E6-B9BB-3B0F75C3EB81}
		{A59EB804-E8AF-4077-B53F-AE70D362C7A4} = {334CC02A-E020-44E6-B9BB-3B0F75C3EB81}
		{FD308876-BE8C-4637-835B-9E32D0AF1E41} = {334CC02A-E020-44E6-B9BB-3B0F75C3EB81}
		{725FC1ED-110B-4F0C-812E-264F3679D549} = {32389CED-3310-4B53-9AC8-6DB82D60E108}
		{DF696294-7DD6-42D5-91D6-D0063F5AF4C0} = {32389CED-3310-4B53-9AC8-6DB82D60E108}
		{2CBBB358-9069-441B-8905-A32BA5CFF35C} = {32389CED-3310-4B53-9AC8-6DB82D60E108}
		{2E1E2B26-D78F-4AE6-B612-8B66F8387CF8} = {90C67C9A-FC17-4806-900D-EF5140724C36}
		{0C686D7A-306A-4EF0-868F-91C0B3C92E96} = {90C67C9A-FC17-4806-900D-EF5140724C36}
		{4B522674-B79E-471E-BAB5-AA80199ED513} = {90C67C9A-FC17-4806-900D-EF5140724C36}
		{42233600-1FF4-4D2D-A9CB-F09970B54705} = {90C67C9A-FC17-4806-900D-EF5140724C36}
		{25B306E1-5D9F-4145-86FD-D1DF71263584} = {90C67C9A-FC17-4806-900D-EF5140724C36}
		{ED36C922-C542-42EB-A182-81B7CA1EB6BB} = {4930D91D-1166-4243-ADF3-139BBDE41916}
		{07607666-6D02-4B69-90DD-B58DA5537346} = {2CA69718-9484-4C39-8021-BD89E407FB94}
		{7D9AF8BE-E6B5-44F3-8C09-4C78C1CFF62B} = {2CA69718-9484-4C39-8021-BD89E407FB94}
		{B14039CD-1071-4CD3-B2CE-E11893A46082} = {2CA69718-9484-4C39-8021-BD89E407FB94}
		{68C68A82-A542-4058-A877-75EFF995BF92} = {0819990E-2F0D-41D3-8529-6B0AC67FBAAE}
		{1BB69761-D73F-4B9C-B56C-3E4EB1215A83} = {910DAAE3-D777-486E-BB6B-D91EAE3DF617}
		{DC58014F-2CA9-49DA-A417-7D4ECFBE2BA0} = {910DAAE3-D777-486E-BB6B-D91EAE3DF617}
		{7F9BEC33-B113-4869-96F9-BF0A33DDC525} = {910DAAE3-D777-486E-BB6B-D91EAE3DF617}
		{9EC41450-6E9B-46FC-AF63-D90DE0D56E7E} = {910DAAE3-D777-486E-BB6B-D91EAE3DF617}
		{E3E9D2A5-4E97-43D1-B700-07BE71176CF9} = {910DAAE3-D777-486E-BB6B-D91EAE3DF617}
		{EC423ED3-2FD0-4A91-91EC-C22B5B3686FD} = {910DAAE3-D777-486E-BB6B-D91EAE3DF617}
		{4A10D7A9-8959-4645-B245-BFBBD81E68BF} = {29B395B8-5E78-4139-8176-881262ABB924}
		{D32C20C7-8BBD-46A1-84C2-8B210B922819} = {29B395B8-5E78-4139-8176-881262ABB924}
		{815BD3B2-D62C-4478-8A43-7203713BB20E} = {29B395B8-5E78-4139-8176-881262ABB924}
		{972A4E63-9337-41A3-ADB7-932FDD1DC6BC} = {29B395B8-5E78-4139-8176-881262ABB924}
	EndGlobalSection
	GlobalSection(ExtensibilityGlobals) = postSolution
		SolutionGuid = {AB82122B-E864-482B-AADF-21A1B5CBA311}
	EndGlobalSection
EndGlobal
